
Microsoft Visual Studio Solution File, Format Version 12.00
# Visual Studio Version 17
VisualStudioVersion = 17.11.35303.130
MinimumVisualStudioVersion = 10.0.40219.1
Project("{2150E333-8FDC-42A3-9474-1A3956D46DE8}") = "Task0", "Task0", "{03AB2B16-3734-4CA4-9E96-AC07E819FBD6}"
EndProject
Project("{2150E333-8FDC-42A3-9474-1A3956D46DE8}") = "Task1", "Task1", "{B118E059-CE32-44AE-A998-3C20168A3CA2}"
EndProject
Project("{2150E333-8FDC-42A3-9474-1A3956D46DE8}") = "Task2", "Task2", "{CDF5F200-2941-4543-94AA-1E7C14719666}"
EndProject
Project("{2150E333-8FDC-42A3-9474-1A3956D46DE8}") = "Task3", "Task3", "{2B9636F0-5037-4CFA-B392-AA7B51F068C7}"
EndProject
Project("{2150E333-8FDC-42A3-9474-1A3956D46DE8}") = "Task4", "Task4", "{1C4EC417-C395-4899-A294-D54C1FA82C7D}"
EndProject
Project("{2150E333-8FDC-42A3-9474-1A3956D46DE8}") = "Task5", "Task5", "{ECF8DC5A-812A-4369-8FCE-273F9D4C384B}"
EndProject
Project("{2150E333-8FDC-42A3-9474-1A3956D46DE8}") = "Task6", "Task6", "{BB415B6A-20A8-4FA9-BCA5-1D547BD844BC}"
EndProject
Project("{2150E333-8FDC-42A3-9474-1A3956D46DE8}") = "Task7", "Task7", "{0DFE14D9-EDAE-4FFE-B1DE-6D42CDE91032}"
EndProject
Project("{9A19103F-16F7-4668-BE54-9A1E7A4F7556}") = "Tyuiu.BaimuhametovaMD.Sprint2.Task0.V14", "Tyuiu.BaimuhametovaMD.Sprint2.Task0.V14\Tyuiu.BaimuhametovaMD.Sprint2.Task0.V14.csproj", "{FE15FC6A-35FE-477C-86CC-AE3B46A407EC}"
EndProject
Project("{9A19103F-16F7-4668-BE54-9A1E7A4F7556}") = "Tyuiu.BaimuhametovaMD.Sprint2.Task0.V14.Test", "Tyuiu.BaimuhametovaMD.Sprint2.Task0.V14.Test\Tyuiu.BaimuhametovaMD.Sprint2.Task0.V14.Test.csproj", "{220EAF5F-CC7F-4288-8FFC-09D7181C5CD9}"
EndProject
Project("{9A19103F-16F7-4668-BE54-9A1E7A4F7556}") = "Tyuiu.BaimuhametovaMD.Sprint2.Task0.V14.Lib", "Tyuiu.BaimuhametovaMD.Sprint2.Task0.V14.Lib\Tyuiu.BaimuhametovaMD.Sprint2.Task0.V14.Lib.csproj", "{9C0E2D8B-2B52-4308-90FC-038AFFD6E4C8}"
EndProject
Project("{9A19103F-16F7-4668-BE54-9A1E7A4F7556}") = "Tyuiu.BaimuhametovaMD.Sprint2.Task1.V8", "Tyuiu.BaimuhametovaMD.Sprint2.Task1.V8\Tyuiu.BaimuhametovaMD.Sprint2.Task1.V8.csproj", "{54AA7787-EBE6-4D8F-925E-F89A51C01537}"
EndProject
Project("{9A19103F-16F7-4668-BE54-9A1E7A4F7556}") = "Tyuiu.BaimuhametovaMD.Sprint2.Task1.V8.Test", "Tyuiu.BaimuhametovaMD.Sprint2.Task1.V8.Test\Tyuiu.BaimuhametovaMD.Sprint2.Task1.V8.Test.csproj", "{E749927C-0E0B-41A6-9303-F074733ACED1}"
EndProject
Project("{9A19103F-16F7-4668-BE54-9A1E7A4F7556}") = "Tyuiu.BaimuhametovaMD.Sprint2.Task1.V8.Lib", "Tyuiu.BaimuhametovaMD.Sprint2.Task1.V8.Lib\Tyuiu.BaimuhametovaMD.Sprint2.Task1.V8.Lib.csproj", "{F943ECE9-0EF4-49E5-8384-7C9CD2F474C0}"
EndProject
Project("{9A19103F-16F7-4668-BE54-9A1E7A4F7556}") = "Tyuiu.BaimuhametovaMD.Sprint2.Task2.V26.Lib", "Tyuiu.BaimuhametovaMD.Sprint2.Task2.V26.Lib\Tyuiu.BaimuhametovaMD.Sprint2.Task2.V26.Lib.csproj", "{162AECA8-5DA7-428A-9BCB-0F04F14DD581}"
EndProject
Project("{9A19103F-16F7-4668-BE54-9A1E7A4F7556}") = "Tyuiu.BaimuhametovaMD.Sprint2.Task2.V26.Test", "Tyuiu.BaimuhametovaMD.Sprint2.Task2.V26.Test\Tyuiu.BaimuhametovaMD.Sprint2.Task2.V26.Test.csproj", "{E8174DAF-1632-4E6C-B4B7-6A25B55467F4}"
EndProject
Project("{9A19103F-16F7-4668-BE54-9A1E7A4F7556}") = "Tyuiu.BaimuhametovaMD.Sprint2.Task2.V26", "Tyuiu.BaimuhametovaMD.Sprint2.Task2.V26\Tyuiu.BaimuhametovaMD.Sprint2.Task2.V26.csproj", "{78B55780-EED2-47A7-AE91-92A821C44104}"
EndProject
Project("{FAE04EC0-301F-11D3-BF4B-00C04F79EFBC}") = "Tyuiu.BaimuhametovaMD.Sprint2.Task3.V5", "Tyuiu.BaimuhametovaMD.Sprint2.Task3.V5\Tyuiu.BaimuhametovaMD.Sprint2.Task3.V5.csproj", "{6D01ED99-E9E7-40F2-A022-D908D9DDEC00}"
EndProject
Project("{FAE04EC0-301F-11D3-BF4B-00C04F79EFBC}") = "Tyuiu.BaimuhametovaMD.Sprint2.Task3.V5.Test", "Tyuiu.BaimuhametovaMD.Sprint2.Task3.V5.Test\Tyuiu.BaimuhametovaMD.Sprint2.Task3.V5.Test.csproj", "{D716324E-7CB6-4AB5-84DA-5B010132B178}"
EndProject
Project("{FAE04EC0-301F-11D3-BF4B-00C04F79EFBC}") = "Tyuiu.BaimuhametovaMD.Sprint2.Task3.V5.Lib", "Tyuiu.BaimuhametovaMD.Sprint2.Task3.V5.Lib\Tyuiu.BaimuhametovaMD.Sprint2.Task3.V5.Lib.csproj", "{1DFDF027-7263-4F5D-8C82-AB1E35257A9A}"
EndProject
Project("{FAE04EC0-301F-11D3-BF4B-00C04F79EFBC}") = "Tyuiu.BaimuhametovaMD.Sprint2.Task4.V2.Lib", "Tyuiu.BaimuhametovaMD.Sprint2.Task4.V2.Lib\Tyuiu.BaimuhametovaMD.Sprint2.Task4.V2.Lib.csproj", "{9AA55D5F-AF8D-4F0E-B0E7-36D96DC2D10E}"
EndProject
Project("{FAE04EC0-301F-11D3-BF4B-00C04F79EFBC}") = "Tyuiu.BaimuhametovaMD.Sprint2.Task4.V2.Test", "Tyuiu.BaimuhametovaMD.Sprint2.Task4.V2.Test\Tyuiu.BaimuhametovaMD.Sprint2.Task4.V2.Test.csproj", "{B510739C-4880-4E17-B3E6-C435A4AE19EE}"
EndProject
Project("{FAE04EC0-301F-11D3-BF4B-00C04F79EFBC}") = "Tyuiu.BaimuhametovaMD.Sprint2.Task4.V2", "Tyuiu.BaimuhametovaMD.Sprint2.Task4.V2\Tyuiu.BaimuhametovaMD.Sprint2.Task4.V2.csproj", "{A42382E6-93DE-43F0-8719-19D4502924FB}"
EndProject
Global
	GlobalSection(SolutionConfigurationPlatforms) = preSolution
		Debug|Any CPU = Debug|Any CPU
		Release|Any CPU = Release|Any CPU
	EndGlobalSection
	GlobalSection(ProjectConfigurationPlatforms) = postSolution
		{FE15FC6A-35FE-477C-86CC-AE3B46A407EC}.Debug|Any CPU.ActiveCfg = Debug|Any CPU
		{FE15FC6A-35FE-477C-86CC-AE3B46A407EC}.Debug|Any CPU.Build.0 = Debug|Any CPU
		{FE15FC6A-35FE-477C-86CC-AE3B46A407EC}.Release|Any CPU.ActiveCfg = Release|Any CPU
		{FE15FC6A-35FE-477C-86CC-AE3B46A407EC}.Release|Any CPU.Build.0 = Release|Any CPU
		{220EAF5F-CC7F-4288-8FFC-09D7181C5CD9}.Debug|Any CPU.ActiveCfg = Debug|Any CPU
		{220EAF5F-CC7F-4288-8FFC-09D7181C5CD9}.Debug|Any CPU.Build.0 = Debug|Any CPU
		{220EAF5F-CC7F-4288-8FFC-09D7181C5CD9}.Release|Any CPU.ActiveCfg = Release|Any CPU
		{220EAF5F-CC7F-4288-8FFC-09D7181C5CD9}.Release|Any CPU.Build.0 = Release|Any CPU
		{9C0E2D8B-2B52-4308-90FC-038AFFD6E4C8}.Debug|Any CPU.ActiveCfg = Debug|Any CPU
		{9C0E2D8B-2B52-4308-90FC-038AFFD6E4C8}.Debug|Any CPU.Build.0 = Debug|Any CPU
		{9C0E2D8B-2B52-4308-90FC-038AFFD6E4C8}.Release|Any CPU.ActiveCfg = Release|Any CPU
		{9C0E2D8B-2B52-4308-90FC-038AFFD6E4C8}.Release|Any CPU.Build.0 = Release|Any CPU
		{54AA7787-EBE6-4D8F-925E-F89A51C01537}.Debug|Any CPU.ActiveCfg = Debug|Any CPU
		{54AA7787-EBE6-4D8F-925E-F89A51C01537}.Debug|Any CPU.Build.0 = Debug|Any CPU
		{54AA7787-EBE6-4D8F-925E-F89A51C01537}.Release|Any CPU.ActiveCfg = Release|Any CPU
		{54AA7787-EBE6-4D8F-925E-F89A51C01537}.Release|Any CPU.Build.0 = Release|Any CPU
		{E749927C-0E0B-41A6-9303-F074733ACED1}.Debug|Any CPU.ActiveCfg = Debug|Any CPU
		{E749927C-0E0B-41A6-9303-F074733ACED1}.Debug|Any CPU.Build.0 = Debug|Any CPU
		{E749927C-0E0B-41A6-9303-F074733ACED1}.Release|Any CPU.ActiveCfg = Release|Any CPU
		{E749927C-0E0B-41A6-9303-F074733ACED1}.Release|Any CPU.Build.0 = Release|Any CPU
		{F943ECE9-0EF4-49E5-8384-7C9CD2F474C0}.Debug|Any CPU.ActiveCfg = Debug|Any CPU
		{F943ECE9-0EF4-49E5-8384-7C9CD2F474C0}.Debug|Any CPU.Build.0 = Debug|Any CPU
		{F943ECE9-0EF4-49E5-8384-7C9CD2F474C0}.Release|Any CPU.ActiveCfg = Release|Any CPU
		{F943ECE9-0EF4-49E5-8384-7C9CD2F474C0}.Release|Any CPU.Build.0 = Release|Any CPU
		{162AECA8-5DA7-428A-9BCB-0F04F14DD581}.Debug|Any CPU.ActiveCfg = Debug|Any CPU
		{162AECA8-5DA7-428A-9BCB-0F04F14DD581}.Debug|Any CPU.Build.0 = Debug|Any CPU
		{162AECA8-5DA7-428A-9BCB-0F04F14DD581}.Release|Any CPU.ActiveCfg = Release|Any CPU
		{162AECA8-5DA7-428A-9BCB-0F04F14DD581}.Release|Any CPU.Build.0 = Release|Any CPU
		{E8174DAF-1632-4E6C-B4B7-6A25B55467F4}.Debug|Any CPU.ActiveCfg = Debug|Any CPU
		{E8174DAF-1632-4E6C-B4B7-6A25B55467F4}.Debug|Any CPU.Build.0 = Debug|Any CPU
		{E8174DAF-1632-4E6C-B4B7-6A25B55467F4}.Release|Any CPU.ActiveCfg = Release|Any CPU
		{E8174DAF-1632-4E6C-B4B7-6A25B55467F4}.Release|Any CPU.Build.0 = Release|Any CPU
		{78B55780-EED2-47A7-AE91-92A821C44104}.Debug|Any CPU.ActiveCfg = Debug|Any CPU
		{78B55780-EED2-47A7-AE91-92A821C44104}.Debug|Any CPU.Build.0 = Debug|Any CPU
		{78B55780-EED2-47A7-AE91-92A821C44104}.Release|Any CPU.ActiveCfg = Release|Any CPU
		{78B55780-EED2-47A7-AE91-92A821C44104}.Release|Any CPU.Build.0 = Release|Any CPU
		{6D01ED99-E9E7-40F2-A022-D908D9DDEC00}.Debug|Any CPU.ActiveCfg = Debug|Any CPU
		{6D01ED99-E9E7-40F2-A022-D908D9DDEC00}.Debug|Any CPU.Build.0 = Debug|Any CPU
		{6D01ED99-E9E7-40F2-A022-D908D9DDEC00}.Release|Any CPU.ActiveCfg = Release|Any CPU
		{6D01ED99-E9E7-40F2-A022-D908D9DDEC00}.Release|Any CPU.Build.0 = Release|Any CPU
		{D716324E-7CB6-4AB5-84DA-5B010132B178}.Debug|Any CPU.ActiveCfg = Debug|Any CPU
		{D716324E-7CB6-4AB5-84DA-5B010132B178}.Debug|Any CPU.Build.0 = Debug|Any CPU
		{D716324E-7CB6-4AB5-84DA-5B010132B178}.Release|Any CPU.ActiveCfg = Release|Any CPU
		{D716324E-7CB6-4AB5-84DA-5B010132B178}.Release|Any CPU.Build.0 = Release|Any CPU
		{1DFDF027-7263-4F5D-8C82-AB1E35257A9A}.Debug|Any CPU.ActiveCfg = Debug|Any CPU
		{1DFDF027-7263-4F5D-8C82-AB1E35257A9A}.Debug|Any CPU.Build.0 = Debug|Any CPU
		{1DFDF027-7263-4F5D-8C82-AB1E35257A9A}.Release|Any CPU.ActiveCfg = Release|Any CPU
		{1DFDF027-7263-4F5D-8C82-AB1E35257A9A}.Release|Any CPU.Build.0 = Release|Any CPU
		{9AA55D5F-AF8D-4F0E-B0E7-36D96DC2D10E}.Debug|Any CPU.ActiveCfg = Debug|Any CPU
		{9AA55D5F-AF8D-4F0E-B0E7-36D96DC2D10E}.Debug|Any CPU.Build.0 = Debug|Any CPU
		{9AA55D5F-AF8D-4F0E-B0E7-36D96DC2D10E}.Release|Any CPU.ActiveCfg = Release|Any CPU
		{9AA55D5F-AF8D-4F0E-B0E7-36D96DC2D10E}.Release|Any CPU.Build.0 = Release|Any CPU
		{B510739C-4880-4E17-B3E6-C435A4AE19EE}.Debug|Any CPU.ActiveCfg = Debug|Any CPU
		{B510739C-4880-4E17-B3E6-C435A4AE19EE}.Debug|Any CPU.Build.0 = Debug|Any CPU
		{B510739C-4880-4E17-B3E6-C435A4AE19EE}.Release|Any CPU.ActiveCfg = Release|Any CPU
		{B510739C-4880-4E17-B3E6-C435A4AE19EE}.Release|Any CPU.Build.0 = Release|Any CPU
		{A42382E6-93DE-43F0-8719-19D4502924FB}.Debug|Any CPU.ActiveCfg = Debug|Any CPU
		{A42382E6-93DE-43F0-8719-19D4502924FB}.Debug|Any CPU.Build.0 = Debug|Any CPU
		{A42382E6-93DE-43F0-8719-19D4502924FB}.Release|Any CPU.ActiveCfg = Release|Any CPU
		{A42382E6-93DE-43F0-8719-19D4502924FB}.Release|Any CPU.Build.0 = Release|Any CPU
	EndGlobalSection
	GlobalSection(SolutionProperties) = preSolution
		HideSolutionNode = FALSE
	EndGlobalSection
	GlobalSection(NestedProjects) = preSolution
		{FE15FC6A-35FE-477C-86CC-AE3B46A407EC} = {03AB2B16-3734-4CA4-9E96-AC07E819FBD6}
		{220EAF5F-CC7F-4288-8FFC-09D7181C5CD9} = {03AB2B16-3734-4CA4-9E96-AC07E819FBD6}
		{9C0E2D8B-2B52-4308-90FC-038AFFD6E4C8} = {03AB2B16-3734-4CA4-9E96-AC07E819FBD6}
		{54AA7787-EBE6-4D8F-925E-F89A51C01537} = {B118E059-CE32-44AE-A998-3C20168A3CA2}
		{E749927C-0E0B-41A6-9303-F074733ACED1} = {B118E059-CE32-44AE-A998-3C20168A3CA2}
		{F943ECE9-0EF4-49E5-8384-7C9CD2F474C0} = {B118E059-CE32-44AE-A998-3C20168A3CA2}
		{162AECA8-5DA7-428A-9BCB-0F04F14DD581} = {CDF5F200-2941-4543-94AA-1E7C14719666}
		{E8174DAF-1632-4E6C-B4B7-6A25B55467F4} = {CDF5F200-2941-4543-94AA-1E7C14719666}
		{78B55780-EED2-47A7-AE91-92A821C44104} = {CDF5F200-2941-4543-94AA-1E7C14719666}
		{6D01ED99-E9E7-40F2-A022-D908D9DDEC00} = {2B9636F0-5037-4CFA-B392-AA7B51F068C7}
		{D716324E-7CB6-4AB5-84DA-5B010132B178} = {2B9636F0-5037-4CFA-B392-AA7B51F068C7}
		{1DFDF027-7263-4F5D-8C82-AB1E35257A9A} = {2B9636F0-5037-4CFA-B392-AA7B51F068C7}
		{9AA55D5F-AF8D-4F0E-B0E7-36D96DC2D10E} = {1C4EC417-C395-4899-A294-D54C1FA82C7D}
		{B510739C-4880-4E17-B3E6-C435A4AE19EE} = {1C4EC417-C395-4899-A294-D54C1FA82C7D}
		{A42382E6-93DE-43F0-8719-19D4502924FB} = {1C4EC417-C395-4899-A294-D54C1FA82C7D}
	EndGlobalSection
	GlobalSection(ExtensibilityGlobals) = postSolution
		SolutionGuid = {D2E215CE-1AE1-4E1A-8D3B-BA54F7D9D8AD}
	EndGlobalSection
EndGlobal
